// !$*UTF8*$!
{
	archiveVersion = 1;
	classes = {
	};
	objectVersion = 50;
	objects = {

/* Begin PBXBuildFile section */
		F3B83F2E24A7C87C00776B65 /* GLUT.framework in Frameworks */ = {isa = PBXBuildFile; fileRef = F3B83F2D24A7C87C00776B65 /* GLUT.framework */; };
		F3B83F3024A7C88400776B65 /* OpenGL.framework in Frameworks */ = {isa = PBXBuildFile; fileRef = F3B83F2F24A7C88400776B65 /* OpenGL.framework */; };
		F3B83F4424A7C92F00776B65 /* game.cpp in Sources */ = {isa = PBXBuildFile; fileRef = F3B83F3124A7C92E00776B65 /* game.cpp */; };
		F3B83F4524A7C92F00776B65 /* ship.cpp in Sources */ = {isa = PBXBuildFile; fileRef = F3B83F3324A7C92E00776B65 /* ship.cpp */; };
		F3B83F4624A7C92F00776B65 /* point.cpp in Sources */ = {isa = PBXBuildFile; fileRef = F3B83F3524A7C92E00776B65 /* point.cpp */; };
		F3B83F4724A7C92F00776B65 /* velocity.cpp in Sources */ = {isa = PBXBuildFile; fileRef = F3B83F3824A7C92E00776B65 /* velocity.cpp */; };
		F3B83F4824A7C92F00776B65 /* uiDraw.cpp in Sources */ = {isa = PBXBuildFile; fileRef = F3B83F3924A7C92F00776B65 /* uiDraw.cpp */; };
		F3B83F4924A7C92F00776B65 /* driver.cpp in Sources */ = {isa = PBXBuildFile; fileRef = F3B83F3A24A7C92F00776B65 /* driver.cpp */; };
		F3B83F4A24A7C92F00776B65 /* uiInteract.cpp in Sources */ = {isa = PBXBuildFile; fileRef = F3B83F3B24A7C92F00776B65 /* uiInteract.cpp */; };
		F3B83F4B24A7C92F00776B65 /* bullet.cpp in Sources */ = {isa = PBXBuildFile; fileRef = F3B83F3D24A7C92F00776B65 /* bullet.cpp */; };
		F3B83F4C24A7C92F00776B65 /* flyingObject.cpp in Sources */ = {isa = PBXBuildFile; fileRef = F3B83F4224A7C92F00776B65 /* flyingObject.cpp */; };
		F3B83F4D24A7C93000776B65 /* rocks.cpp in Sources */ = {isa = PBXBuildFile; fileRef = F3B83F4324A7C92F00776B65 /* rocks.cpp */; };
/* End PBXBuildFile section */

/* Begin PBXCopyFilesBuildPhase section */
		F3B83F2024A7C86A00776B65 /* CopyFiles */ = {
			isa = PBXCopyFilesBuildPhase;
			buildActionMask = 2147483647;
			dstPath = /usr/share/man/man1/;
			dstSubfolderSpec = 0;
			files = (
			);
			runOnlyForDeploymentPostprocessing = 1;
		};
/* End PBXCopyFilesBuildPhase section */

/* Begin PBXFileReference section */
		F3B83F2224A7C86B00776B65 /* ASTEROIDS */ = {isa = PBXFileReference; explicitFileType = "compiled.mach-o.executable"; includeInIndex = 0; path = ASTEROIDS; sourceTree = BUILT_PRODUCTS_DIR; };
		F3B83F2D24A7C87C00776B65 /* GLUT.framework */ = {isa = PBXFileReference; lastKnownFileType = wrapper.framework; name = GLUT.framework; path = System/Library/Frameworks/GLUT.framework; sourceTree = SDKROOT; };
		F3B83F2F24A7C88400776B65 /* OpenGL.framework */ = {isa = PBXFileReference; lastKnownFileType = wrapper.framework; name = OpenGL.framework; path = System/Library/Frameworks/OpenGL.framework; sourceTree = SDKROOT; };
		F3B83F3124A7C92E00776B65 /* game.cpp */ = {isa = PBXFileReference; fileEncoding = 4; lastKnownFileType = sourcecode.cpp.cpp; path = game.cpp; sourceTree = "<group>"; };
		F3B83F3224A7C92E00776B65 /* ship.h */ = {isa = PBXFileReference; fileEncoding = 4; lastKnownFileType = sourcecode.c.h; path = ship.h; sourceTree = "<group>"; };
		F3B83F3324A7C92E00776B65 /* ship.cpp */ = {isa = PBXFileReference; fileEncoding = 4; lastKnownFileType = sourcecode.cpp.cpp; path = ship.cpp; sourceTree = "<group>"; };
		F3B83F3424A7C92E00776B65 /* flyingObject.h */ = {isa = PBXFileReference; fileEncoding = 4; lastKnownFileType = sourcecode.c.h; path = flyingObject.h; sourceTree = "<group>"; };
		F3B83F3524A7C92E00776B65 /* point.cpp */ = {isa = PBXFileReference; fileEncoding = 4; lastKnownFileType = sourcecode.cpp.cpp; path = point.cpp; sourceTree = "<group>"; };
		F3B83F3624A7C92E00776B65 /* uiDraw.h */ = {isa = PBXFileReference; fileEncoding = 4; lastKnownFileType = sourcecode.c.h; path = uiDraw.h; sourceTree = "<group>"; };
		F3B83F3724A7C92E00776B65 /* point.h */ = {isa = PBXFileReference; fileEncoding = 4; lastKnownFileType = sourcecode.c.h; path = point.h; sourceTree = "<group>"; };
		F3B83F3824A7C92E00776B65 /* velocity.cpp */ = {isa = PBXFileReference; fileEncoding = 4; lastKnownFileType = sourcecode.cpp.cpp; path = velocity.cpp; sourceTree = "<group>"; };
		F3B83F3924A7C92F00776B65 /* uiDraw.cpp */ = {isa = PBXFileReference; fileEncoding = 4; lastKnownFileType = sourcecode.cpp.cpp; path = uiDraw.cpp; sourceTree = "<group>"; };
		F3B83F3A24A7C92F00776B65 /* driver.cpp */ = {isa = PBXFileReference; fileEncoding = 4; lastKnownFileType = sourcecode.cpp.cpp; path = driver.cpp; sourceTree = "<group>"; };
		F3B83F3B24A7C92F00776B65 /* uiInteract.cpp */ = {isa = PBXFileReference; fileEncoding = 4; lastKnownFileType = sourcecode.cpp.cpp; path = uiInteract.cpp; sourceTree = "<group>"; };
		F3B83F3C24A7C92F00776B65 /* velocity.h */ = {isa = PBXFileReference; fileEncoding = 4; lastKnownFileType = sourcecode.c.h; path = velocity.h; sourceTree = "<group>"; };
		F3B83F3D24A7C92F00776B65 /* bullet.cpp */ = {isa = PBXFileReference; fileEncoding = 4; lastKnownFileType = sourcecode.cpp.cpp; path = bullet.cpp; sourceTree = "<group>"; };
		F3B83F3E24A7C92F00776B65 /* rocks.h */ = {isa = PBXFileReference; fileEncoding = 4; lastKnownFileType = sourcecode.c.h; path = rocks.h; sourceTree = "<group>"; };
		F3B83F3F24A7C92F00776B65 /* game.h */ = {isa = PBXFileReference; fileEncoding = 4; lastKnownFileType = sourcecode.c.h; path = game.h; sourceTree = "<group>"; };
		F3B83F4024A7C92F00776B65 /* bullet.h */ = {isa = PBXFileReference; fileEncoding = 4; lastKnownFileType = sourcecode.c.h; path = bullet.h; sourceTree = "<group>"; };
		F3B83F4124A7C92F00776B65 /* uiInteract.h */ = {isa = PBXFileReference; fileEncoding = 4; lastKnownFileType = sourcecode.c.h; path = uiInteract.h; sourceTree = "<group>"; };
		F3B83F4224A7C92F00776B65 /* flyingObject.cpp */ = {isa = PBXFileReference; fileEncoding = 4; lastKnownFileType = sourcecode.cpp.cpp; path = flyingObject.cpp; sourceTree = "<group>"; };
		F3B83F4324A7C92F00776B65 /* rocks.cpp */ = {isa = PBXFileReference; fileEncoding = 4; lastKnownFileType = sourcecode.cpp.cpp; path = rocks.cpp; sourceTree = "<group>"; };
/* End PBXFileReference section */

/* Begin PBXFrameworksBuildPhase section */
		F3B83F1F24A7C86A00776B65 /* Frameworks */ = {
			isa = PBXFrameworksBuildPhase;
			buildActionMask = 2147483647;
			files = (
				F3B83F2E24A7C87C00776B65 /* GLUT.framework in Frameworks */,
				F3B83F3024A7C88400776B65 /* OpenGL.framework in Frameworks */,
			);
			runOnlyForDeploymentPostprocessing = 0;
		};
/* End PBXFrameworksBuildPhase section */

/* Begin PBXGroup section */
		F3B83F1924A7C86A00776B65 = {
			isa = PBXGroup;
			children = (
				F3B83F2424A7C86B00776B65 /* ASTEROIDS */,
				F3B83F2324A7C86B00776B65 /* Products */,
				F3B83F2C24A7C87C00776B65 /* Frameworks */,
			);
			sourceTree = "<group>";
		};
		F3B83F2324A7C86B00776B65 /* Products */ = {
			isa = PBXGroup;
			children = (
				F3B83F2224A7C86B00776B65 /* ASTEROIDS */,
			);
			name = Products;
			sourceTree = "<group>";
		};
		F3B83F2424A7C86B00776B65 /* ASTEROIDS */ = {
			isa = PBXGroup;
			children = (
				F3B83F3D24A7C92F00776B65 /* bullet.cpp */,
				F3B83F4024A7C92F00776B65 /* bullet.h */,
				F3B83F3A24A7C92F00776B65 /* driver.cpp */,
				F3B83F4224A7C92F00776B65 /* flyingObject.cpp */,
				F3B83F3424A7C92E00776B65 /* flyingObject.h */,
				F3B83F3124A7C92E00776B65 /* game.cpp */,
				F3B83F3F24A7C92F00776B65 /* game.h */,
				F3B83F3524A7C92E00776B65 /* point.cpp */,
				F3B83F3724A7C92E00776B65 /* point.h */,
				F3B83F4324A7C92F00776B65 /* rocks.cpp */,
				F3B83F3E24A7C92F00776B65 /* rocks.h */,
				F3B83F3324A7C92E00776B65 /* ship.cpp */,
				F3B83F3224A7C92E00776B65 /* ship.h */,
				F3B83F3924A7C92F00776B65 /* uiDraw.cpp */,
				F3B83F3624A7C92E00776B65 /* uiDraw.h */,
				F3B83F3B24A7C92F00776B65 /* uiInteract.cpp */,
				F3B83F4124A7C92F00776B65 /* uiInteract.h */,
				F3B83F3824A7C92E00776B65 /* velocity.cpp */,
				F3B83F3C24A7C92F00776B65 /* velocity.h */,
			);
			path = ASTEROIDS;
			sourceTree = "<group>";
		};
		F3B83F2C24A7C87C00776B65 /* Frameworks */ = {
			isa = PBXGroup;
			children = (
				F3B83F2F24A7C88400776B65 /* OpenGL.framework */,
				F3B83F2D24A7C87C00776B65 /* GLUT.framework */,
			);
			name = Frameworks;
			sourceTree = "<group>";
		};
/* End PBXGroup section */

/* Begin PBXNativeTarget section */
		F3B83F2124A7C86A00776B65 /* ASTEROIDS */ = {
			isa = PBXNativeTarget;
			buildConfigurationList = F3B83F2924A7C86B00776B65 /* Build configuration list for PBXNativeTarget "ASTEROIDS" */;
			buildPhases = (
				F3B83F1E24A7C86A00776B65 /* Sources */,
				F3B83F1F24A7C86A00776B65 /* Frameworks */,
				F3B83F2024A7C86A00776B65 /* CopyFiles */,
			);
			buildRules = (
			);
			dependencies = (
			);
			name = ASTEROIDS;
			productName = ASTEROIDS;
			productReference = F3B83F2224A7C86B00776B65 /* ASTEROIDS */;
			productType = "com.apple.product-type.tool";
		};
/* End PBXNativeTarget section */

/* Begin PBXProject section */
		F3B83F1A24A7C86A00776B65 /* Project object */ = {
			isa = PBXProject;
			attributes = {
				LastUpgradeCheck = 1150;
				ORGANIZATIONNAME = "Baden Hanchett";
				TargetAttributes = {
					F3B83F2124A7C86A00776B65 = {
						CreatedOnToolsVersion = 11.5;
					};
				};
			};
			buildConfigurationList = F3B83F1D24A7C86A00776B65 /* Build configuration list for PBXProject "ASTEROIDS" */;
			compatibilityVersion = "Xcode 9.3";
			developmentRegion = en;
			hasScannedForEncodings = 0;
			knownRegions = (
				en,
				Base,
			);
			mainGroup = F3B83F1924A7C86A00776B65;
			productRefGroup = F3B83F2324A7C86B00776B65 /* Products */;
			projectDirPath = "";
			projectRoot = "";
			targets = (
				F3B83F2124A7C86A00776B65 /* ASTEROIDS */,
			);
		};
/* End PBXProject section */

/* Begin PBXSourcesBuildPhase section */
		F3B83F1E24A7C86A00776B65 /* Sources */ = {
			isa = PBXSourcesBuildPhase;
			buildActionMask = 2147483647;
			files = (
				F3B83F4624A7C92F00776B65 /* point.cpp in Sources */,
				F3B83F4B24A7C92F00776B65 /* bullet.cpp in Sources */,
				F3B83F4724A7C92F00776B65 /* velocity.cpp in Sources */,
				F3B83F4924A7C92F00776B65 /* driver.cpp in Sources */,
				F3B83F4D24A7C93000776B65 /* rocks.cpp in Sources */,
				F3B83F4424A7C92F00776B65 /* game.cpp in Sources */,
				F3B83F4524A7C92F00776B65 /* ship.cpp in Sources */,
				F3B83F4C24A7C92F00776B65 /* flyingObject.cpp in Sources */,
				F3B83F4824A7C92F00776B65 /* uiDraw.cpp in Sources */,
				F3B83F4A24A7C92F00776B65 /* uiInteract.cpp in Sources */,
			);
			runOnlyForDeploymentPostprocessing = 0;
		};
/* End PBXSourcesBuildPhase section */

/* Begin XCBuildConfiguration section */
		F3B83F2724A7C86B00776B65 /* Debug */ = {
			isa = XCBuildConfiguration;
			buildSettings = {
				ALWAYS_SEARCH_USER_PATHS = NO;
				CLANG_ANALYZER_NONNULL = YES;
				CLANG_ANALYZER_NUMBER_OBJECT_CONVERSION = YES_AGGRESSIVE;
				CLANG_CXX_LANGUAGE_STANDARD = "gnu++14";
				CLANG_CXX_LIBRARY = "libc++";
				CLANG_ENABLE_MODULES = YES;
				CLANG_ENABLE_OBJC_ARC = YES;
				CLANG_ENABLE_OBJC_WEAK = YES;
				CLANG_WARN_BLOCK_CAPTURE_AUTORELEASING = YES;
				CLANG_WARN_BOOL_CONVERSION = YES;
				CLANG_WARN_COMMA = YES;
				CLANG_WARN_CONSTANT_CONVERSION = YES;
				CLANG_WARN_DEPRECATED_OBJC_IMPLEMENTATIONS = YES;
				CLANG_WARN_DIRECT_OBJC_ISA_USAGE = YES_ERROR;
				CLANG_WARN_DOCUMENTATION_COMMENTS = YES;
				CLANG_WARN_EMPTY_BODY = YES;
				CLANG_WARN_ENUM_CONVERSION = YES;
				CLANG_WARN_INFINITE_RECURSION = YES;
				CLANG_WARN_INT_CONVERSION = YES;
				CLANG_WARN_NON_LITERAL_NULL_CONVERSION = YES;
				CLANG_WARN_OBJC_IMPLICIT_RETAIN_SELF = YES;
				CLANG_WARN_OBJC_LITERAL_CONVERSION = YES;
				CLANG_WARN_OBJC_ROOT_CLASS = YES_ERROR;
				CLANG_WARN_RANGE_LOOP_ANALYSIS = YES;
				CLANG_WARN_STRICT_PROTOTYPES = YES;
				CLANG_WARN_SUSPICIOUS_MOVE = YES;
				CLANG_WARN_UNGUARDED_AVAILABILITY = YES_AGGRESSIVE;
				CLANG_WARN_UNREACHABLE_CODE = YES;
				CLANG_WARN__DUPLICATE_METHOD_MATCH = YES;
				COPY_PHASE_STRIP = NO;
				DEBUG_INFORMATION_FORMAT = dwarf;
				ENABLE_STRICT_OBJC_MSGSEND = YES;
				ENABLE_TESTABILITY = YES;
				GCC_C_LANGUAGE_STANDARD = gnu11;
				GCC_DYNAMIC_NO_PIC = NO;
				GCC_NO_COMMON_BLOCKS = YES;
				GCC_OPTIMIZATION_LEVEL = 0;
				GCC_PREPROCESSOR_DEFINITIONS = (
					"DEBUG=1",
					"$(inherited)",
				);
				GCC_WARN_64_TO_32_BIT_CONVERSION = YES;
				GCC_WARN_ABOUT_RETURN_TYPE = YES_ERROR;
				GCC_WARN_UNDECLARED_SELECTOR = YES;
				GCC_WARN_UNINITIALIZED_AUTOS = YES_AGGRESSIVE;
				GCC_WARN_UNUSED_FUNCTION = YES;
				GCC_WARN_UNUSED_VARIABLE = YES;
				MACOSX_DEPLOYMENT_TARGET = 10.15;
				MTL_ENABLE_DEBUG_INFO = INCLUDE_SOURCE;
				MTL_FAST_MATH = YES;
				ONLY_ACTIVE_ARCH = YES;
				SDKROOT = macosx;
			};
			name = Debug;
		};
		F3B83F2824A7C86B00776B65 /* Release */ = {
			isa = XCBuildConfiguration;
			buildSettings = {
				ALWAYS_SEARCH_USER_PATHS = NO;
				CLANG_ANALYZER_NONNULL = YES;
				CLANG_ANALYZER_NUMBER_OBJECT_CONVERSION = YES_AGGRESSIVE;
				CLANG_CXX_LANGUAGE_STANDARD = "gnu++14";
				CLANG_CXX_LIBRARY = "libc++";
				CLANG_ENABLE_MODULES = YES;
				CLANG_ENABLE_OBJC_ARC = YES;
				CLANG_ENABLE_OBJC_WEAK = YES;
				CLANG_WARN_BLOCK_CAPTURE_AUTORELEASING = YES;
				CLANG_WARN_BOOL_CONVERSION = YES;
				CLANG_WARN_COMMA = YES;
				CLANG_WARN_CONSTANT_CONVERSION = YES;
				CLANG_WARN_DEPRECATED_OBJC_IMPLEMENTATIONS = YES;
				CLANG_WARN_DIRECT_OBJC_ISA_USAGE = YES_ERROR;
				CLANG_WARN_DOCUMENTATION_COMMENTS = YES;
				CLANG_WARN_EMPTY_BODY = YES;
				CLANG_WARN_ENUM_CONVERSION = YES;
				CLANG_WARN_INFINITE_RECURSION = YES;
				CLANG_WARN_INT_CONVERSION = YES;
				CLANG_WARN_NON_LITERAL_NULL_CONVERSION = YES;
				CLANG_WARN_OBJC_IMPLICIT_RETAIN_SELF = YES;
				CLANG_WARN_OBJC_LITERAL_CONVERSION = YES;
				CLANG_WARN_OBJC_ROOT_CLASS = YES_ERROR;
				CLANG_WARN_RANGE_LOOP_ANALYSIS = YES;
				CLANG_WARN_STRICT_PROTOTYPES = YES;
				CLANG_WARN_SUSPICIOUS_MOVE = YES;
				CLANG_WARN_UNGUARDED_AVAILABILITY = YES_AGGRESSIVE;
				CLANG_WARN_UNREACHABLE_CODE = YES;
				CLANG_WARN__DUPLICATE_METHOD_MATCH = YES;
				COPY_PHASE_STRIP = NO;
				DEBUG_INFORMATION_FORMAT = "dwarf-with-dsym";
				ENABLE_NS_ASSERTIONS = NO;
				ENABLE_STRICT_OBJC_MSGSEND = YES;
				GCC_C_LANGUAGE_STANDARD = gnu11;
				GCC_NO_COMMON_BLOCKS = YES;
				GCC_WARN_64_TO_32_BIT_CONVERSION = YES;
				GCC_WARN_ABOUT_RETURN_TYPE = YES_ERROR;
				GCC_WARN_UNDECLARED_SELECTOR = YES;
				GCC_WARN_UNINITIALIZED_AUTOS = YES_AGGRESSIVE;
				GCC_WARN_UNUSED_FUNCTION = YES;
				GCC_WARN_UNUSED_VARIABLE = YES;
				MACOSX_DEPLOYMENT_TARGET = 10.15;
				MTL_ENABLE_DEBUG_INFO = NO;
				MTL_FAST_MATH = YES;
				SDKROOT = macosx;
			};
			name = Release;
		};
		F3B83F2A24A7C86B00776B65 /* Debug */ = {
			isa = XCBuildConfiguration;
			buildSettings = {
				CODE_SIGN_STYLE = Automatic;
				DEVELOPMENT_TEAM = Z5QDGZ7KW5;
				ENABLE_HARDENED_RUNTIME = YES;
				PRODUCT_NAME = "$(TARGET_NAME)";
			};
			name = Debug;
		};
		F3B83F2B24A7C86B00776B65 /* Release */ = {
			isa = XCBuildConfiguration;
			buildSettings = {
				CODE_SIGN_STYLE = Automatic;
				DEVELOPMENT_TEAM = Z5QDGZ7KW5;
				ENABLE_HARDENED_RUNTIME = YES;
				PRODUCT_NAME = "$(TARGET_NAME)";
			};
			name = Release;
		};
/* End XCBuildConfiguration section */

/* Begin XCConfigurationList section */
		F3B83F1D24A7C86A00776B65 /* Build configuration list for PBXProject "ASTEROIDS" */ = {
			isa = XCConfigurationList;
			buildConfigurations = (
				F3B83F2724A7C86B00776B65 /* Debug */,
				F3B83F2824A7C86B00776B65 /* Release */,
			);
			defaultConfigurationIsVisible = 0;
			defaultConfigurationName = Release;
		};
		F3B83F2924A7C86B00776B65 /* Build configuration list for PBXNativeTarget "ASTEROIDS" */ = {
			isa = XCConfigurationList;
			buildConfigurations = (
				F3B83F2A24A7C86B00776B65 /* Debug */,
				F3B83F2B24A7C86B00776B65 /* Release */,
			);
			defaultConfigurationIsVisible = 0;
			defaultConfigurationName = Release;
		};
/* End XCConfigurationList section */
	};
	rootObject = F3B83F1A24A7C86A00776B65 /* Project object */;
}
